// !$*UTF8*$!
{
	archiveVersion = 1;
	classes = {
	};
	objectVersion = 48;
	objects = {

/* Begin PBXBuildFile section */
		C060E2885AF671415F09677C /* Pods_Salud_Integral.framework in Frameworks */ = {isa = PBXBuildFile; fileRef = 21C8C8D3658B90ADBFE43C4F /* Pods_Salud_Integral.framework */; };
		C209B6C120574A35000BB742 /* NewItemViewController.swift in Sources */ = {isa = PBXBuildFile; fileRef = C209B6C020574A35000BB742 /* NewItemViewController.swift */; };
		C209B6C3205755DA000BB742 /* CalendarViewController.swift in Sources */ = {isa = PBXBuildFile; fileRef = C209B6C2205755DA000BB742 /* CalendarViewController.swift */; };
		C223ED55207689C700A148C6 /* Assets.xcassets in Resources */ = {isa = PBXBuildFile; fileRef = C223ED54207689C700A148C6 /* Assets.xcassets */; };
		C230ADAA203E2E4A0027B1F8 /* ViewControllerHistory.swift in Sources */ = {isa = PBXBuildFile; fileRef = C230ADA9203E2E4A0027B1F8 /* ViewControllerHistory.swift */; };
		C23C2CD6205AECCE00E2EF27 /* Contact.swift in Sources */ = {isa = PBXBuildFile; fileRef = C23C2CD5205AECCE00E2EF27 /* Contact.swift */; };
		C23C2CDD205AEDE100E2EF27 /* ContactTableViewCell.swift in Sources */ = {isa = PBXBuildFile; fileRef = C23C2CDB205AEDE100E2EF27 /* ContactTableViewCell.swift */; };
		C23C2CDE205AEDE100E2EF27 /* ContactTableViewCell.xib in Resources */ = {isa = PBXBuildFile; fileRef = C23C2CDC205AEDE100E2EF27 /* ContactTableViewCell.xib */; };
		C23DBA0B2051A15400FD46CF /* Item.swift in Sources */ = {isa = PBXBuildFile; fileRef = C23DBA0A2051A15400FD46CF /* Item.swift */; };
		C23DBA0E2051A40600FD46CF /* Section.swift in Sources */ = {isa = PBXBuildFile; fileRef = C23DBA0D2051A40600FD46CF /* Section.swift */; };
		C23DBA102051A5B300FD46CF /* History.swift in Sources */ = {isa = PBXBuildFile; fileRef = C23DBA0F2051A5B300FD46CF /* History.swift */; };
		C25EC0DE2069D72D005729DE /* HistoryDatesTableViewController.swift in Sources */ = {isa = PBXBuildFile; fileRef = C25EC0DD2069D72D005729DE /* HistoryDatesTableViewController.swift */; };
		C25F4C49203DF06500F37A57 /* AppDelegate.swift in Sources */ = {isa = PBXBuildFile; fileRef = C25F4C48203DF06500F37A57 /* AppDelegate.swift */; };
		C25F4C4E203DF06500F37A57 /* Main.storyboard in Resources */ = {isa = PBXBuildFile; fileRef = C25F4C4C203DF06500F37A57 /* Main.storyboard */; };
		C25F4C53203DF06500F37A57 /* LaunchScreen.storyboard in Resources */ = {isa = PBXBuildFile; fileRef = C25F4C51203DF06500F37A57 /* LaunchScreen.storyboard */; };
		C25F4C5B203DF28300F37A57 /* ViewControllerCheckList.swift in Sources */ = {isa = PBXBuildFile; fileRef = C25F4C5A203DF28300F37A57 /* ViewControllerCheckList.swift */; };
		C27E5C35204C7B5F00483DEA /* TableViewControllerContacts.swift in Sources */ = {isa = PBXBuildFile; fileRef = C27E5C34204C7B5F00483DEA /* TableViewControllerContacts.swift */; };
		C28254C2209679E700B46A41 /* CreditsViewController.swift in Sources */ = {isa = PBXBuildFile; fileRef = C28254C1209679E700B46A41 /* CreditsViewController.swift */; };
		C294927F2049E33900351F5E /* CustomSection.xib in Resources */ = {isa = PBXBuildFile; fileRef = C294927E2049E33900351F5E /* CustomSection.xib */; };
		C29492812049E4B300351F5E /* CustomCollectionViewCell.swift in Sources */ = {isa = PBXBuildFile; fileRef = C29492802049E4B300351F5E /* CustomCollectionViewCell.swift */; };
		C2CAE5A4207EABAD0084F2C0 /* SectionNamesViewController.swift in Sources */ = {isa = PBXBuildFile; fileRef = C2CAE5A3207EABAD0084F2C0 /* SectionNamesViewController.swift */; };
		C2DC3662204CDC3D0018212C /* TableViewControllerConfiguration.swift in Sources */ = {isa = PBXBuildFile; fileRef = C2DC3661204CDC3D0018212C /* TableViewControllerConfiguration.swift */; };
		C2DDF1952048920D00DBF9E4 /* CollectionViewController.swift in Sources */ = {isa = PBXBuildFile; fileRef = C2DDF1942048920D00DBF9E4 /* CollectionViewController.swift */; };
		C2E88C2120890D2000B38379 /* ViewControllerSuggestions.swift in Sources */ = {isa = PBXBuildFile; fileRef = C2E88C2020890D2000B38379 /* ViewControllerSuggestions.swift */; };
/* End PBXBuildFile section */

/* Begin PBXFileReference section */
		21C8C8D3658B90ADBFE43C4F /* Pods_Salud_Integral.framework */ = {isa = PBXFileReference; explicitFileType = wrapper.framework; includeInIndex = 0; path = Pods_Salud_Integral.framework; sourceTree = BUILT_PRODUCTS_DIR; };
		A1E1AC97657D8F1465BA2E53 /* Pods-Salud Integral.release.xcconfig */ = {isa = PBXFileReference; includeInIndex = 1; lastKnownFileType = text.xcconfig; name = "Pods-Salud Integral.release.xcconfig"; path = "Pods/Target Support Files/Pods-Salud Integral/Pods-Salud Integral.release.xcconfig"; sourceTree = "<group>"; };
		C209B6C020574A35000BB742 /* NewItemViewController.swift */ = {isa = PBXFileReference; lastKnownFileType = sourcecode.swift; path = NewItemViewController.swift; sourceTree = "<group>"; };
		C209B6C2205755DA000BB742 /* CalendarViewController.swift */ = {isa = PBXFileReference; lastKnownFileType = sourcecode.swift; path = CalendarViewController.swift; sourceTree = "<group>"; };
		C223ED54207689C700A148C6 /* Assets.xcassets */ = {isa = PBXFileReference; lastKnownFileType = folder.assetcatalog; path = Assets.xcassets; sourceTree = "<group>"; };
		C230ADA9203E2E4A0027B1F8 /* ViewControllerHistory.swift */ = {isa = PBXFileReference; lastKnownFileType = sourcecode.swift; path = ViewControllerHistory.swift; sourceTree = "<group>"; };
		C23C2CD5205AECCE00E2EF27 /* Contact.swift */ = {isa = PBXFileReference; lastKnownFileType = sourcecode.swift; path = Contact.swift; sourceTree = "<group>"; };
		C23C2CDB205AEDE100E2EF27 /* ContactTableViewCell.swift */ = {isa = PBXFileReference; lastKnownFileType = sourcecode.swift; path = ContactTableViewCell.swift; sourceTree = "<group>"; };
		C23C2CDC205AEDE100E2EF27 /* ContactTableViewCell.xib */ = {isa = PBXFileReference; lastKnownFileType = file.xib; path = ContactTableViewCell.xib; sourceTree = "<group>"; };
		C23DBA0A2051A15400FD46CF /* Item.swift */ = {isa = PBXFileReference; lastKnownFileType = sourcecode.swift; path = Item.swift; sourceTree = "<group>"; };
		C23DBA0D2051A40600FD46CF /* Section.swift */ = {isa = PBXFileReference; lastKnownFileType = sourcecode.swift; path = Section.swift; sourceTree = "<group>"; };
		C23DBA0F2051A5B300FD46CF /* History.swift */ = {isa = PBXFileReference; lastKnownFileType = sourcecode.swift; path = History.swift; sourceTree = "<group>"; };
		C25EC0DD2069D72D005729DE /* HistoryDatesTableViewController.swift */ = {isa = PBXFileReference; lastKnownFileType = sourcecode.swift; path = HistoryDatesTableViewController.swift; sourceTree = "<group>"; };
		C25F4C45203DF06500F37A57 /* Salud Integral.app */ = {isa = PBXFileReference; explicitFileType = wrapper.application; includeInIndex = 0; path = "Salud Integral.app"; sourceTree = BUILT_PRODUCTS_DIR; };
		C25F4C48203DF06500F37A57 /* AppDelegate.swift */ = {isa = PBXFileReference; lastKnownFileType = sourcecode.swift; path = AppDelegate.swift; sourceTree = "<group>"; };
		C25F4C4D203DF06500F37A57 /* Base */ = {isa = PBXFileReference; lastKnownFileType = file.storyboard; name = Base; path = Base.lproj/Main.storyboard; sourceTree = "<group>"; };
		C25F4C52203DF06500F37A57 /* Base */ = {isa = PBXFileReference; lastKnownFileType = file.storyboard; name = Base; path = Base.lproj/LaunchScreen.storyboard; sourceTree = "<group>"; };
		C25F4C54203DF06500F37A57 /* Info.plist */ = {isa = PBXFileReference; lastKnownFileType = text.plist.xml; path = Info.plist; sourceTree = "<group>"; };
		C25F4C5A203DF28300F37A57 /* ViewControllerCheckList.swift */ = {isa = PBXFileReference; lastKnownFileType = sourcecode.swift; path = ViewControllerCheckList.swift; sourceTree = "<group>"; };
		C27E5C34204C7B5F00483DEA /* TableViewControllerContacts.swift */ = {isa = PBXFileReference; lastKnownFileType = sourcecode.swift; path = TableViewControllerContacts.swift; sourceTree = "<group>"; };
		C28254C1209679E700B46A41 /* CreditsViewController.swift */ = {isa = PBXFileReference; lastKnownFileType = sourcecode.swift; path = CreditsViewController.swift; sourceTree = "<group>"; };
		C294927E2049E33900351F5E /* CustomSection.xib */ = {isa = PBXFileReference; lastKnownFileType = file.xib; path = CustomSection.xib; sourceTree = "<group>"; };
		C29492802049E4B300351F5E /* CustomCollectionViewCell.swift */ = {isa = PBXFileReference; lastKnownFileType = sourcecode.swift; path = CustomCollectionViewCell.swift; sourceTree = "<group>"; };
		C2CAE5A3207EABAD0084F2C0 /* SectionNamesViewController.swift */ = {isa = PBXFileReference; lastKnownFileType = sourcecode.swift; path = SectionNamesViewController.swift; sourceTree = "<group>"; };
		C2DC3661204CDC3D0018212C /* TableViewControllerConfiguration.swift */ = {isa = PBXFileReference; lastKnownFileType = sourcecode.swift; path = TableViewControllerConfiguration.swift; sourceTree = "<group>"; };
		C2DDF1942048920D00DBF9E4 /* CollectionViewController.swift */ = {isa = PBXFileReference; lastKnownFileType = sourcecode.swift; path = CollectionViewController.swift; sourceTree = "<group>"; };
		C2E88C2020890D2000B38379 /* ViewControllerSuggestions.swift */ = {isa = PBXFileReference; lastKnownFileType = sourcecode.swift; path = ViewControllerSuggestions.swift; sourceTree = "<group>"; };
		D6872AEB798CC143EF00ADB8 /* Pods-Salud Integral.debug.xcconfig */ = {isa = PBXFileReference; includeInIndex = 1; lastKnownFileType = text.xcconfig; name = "Pods-Salud Integral.debug.xcconfig"; path = "Pods/Target Support Files/Pods-Salud Integral/Pods-Salud Integral.debug.xcconfig"; sourceTree = "<group>"; };
/* End PBXFileReference section */

/* Begin PBXFrameworksBuildPhase section */
		C25F4C42203DF06500F37A57 /* Frameworks */ = {
			isa = PBXFrameworksBuildPhase;
			buildActionMask = 2147483647;
			files = (
				C060E2885AF671415F09677C /* Pods_Salud_Integral.framework in Frameworks */,
			);
			runOnlyForDeploymentPostprocessing = 0;
		};
/* End PBXFrameworksBuildPhase section */

/* Begin PBXGroup section */
		14DFAA353111A5B728652372 /* Frameworks */ = {
			isa = PBXGroup;
			children = (
				21C8C8D3658B90ADBFE43C4F /* Pods_Salud_Integral.framework */,
			);
			name = Frameworks;
			sourceTree = "<group>";
		};
		C23C2CD9205AED8B00E2EF27 /* Custom Contact */ = {
			isa = PBXGroup;
			children = (
				C23C2CDB205AEDE100E2EF27 /* ContactTableViewCell.swift */,
				C23C2CDC205AEDE100E2EF27 /* ContactTableViewCell.xib */,
			);
			path = "Custom Contact";
			sourceTree = "<group>";
		};
		C23C2CDA205AEDA000E2EF27 /* Custom */ = {
			isa = PBXGroup;
			children = (
				C23C2CD9205AED8B00E2EF27 /* Custom Contact */,
				C294927D2049E31700351F5E /* Custom Section */,
			);
			path = Custom;
			sourceTree = "<group>";
		};
		C23DBA0C2051A15A00FD46CF /* Data Model */ = {
			isa = PBXGroup;
			children = (
				C23DBA0D2051A40600FD46CF /* Section.swift */,
				C23DBA0A2051A15400FD46CF /* Item.swift */,
				C23C2CD5205AECCE00E2EF27 /* Contact.swift */,
				C23DBA0F2051A5B300FD46CF /* History.swift */,
			);
			path = "Data Model";
			sourceTree = "<group>";
		};
		C25EC0DC2069D6DF005729DE /* Checklist Controllers */ = {
			isa = PBXGroup;
			children = (
				C25F4C5A203DF28300F37A57 /* ViewControllerCheckList.swift */,
				C209B6C020574A35000BB742 /* NewItemViewController.swift */,
				C209B6C2205755DA000BB742 /* CalendarViewController.swift */,
			);
			path = "Checklist Controllers";
			sourceTree = "<group>";
		};
		C25EC0DF2069D735005729DE /* History Controllers */ = {
			isa = PBXGroup;
			children = (
				C230ADA9203E2E4A0027B1F8 /* ViewControllerHistory.swift */,
				C25EC0DD2069D72D005729DE /* HistoryDatesTableViewController.swift */,
			);
			path = "History Controllers";
			sourceTree = "<group>";
		};
		C25F4C3C203DF06500F37A57 = {
			isa = PBXGroup;
			children = (
				C25F4C47203DF06500F37A57 /* Salud Integral */,
				C223ED54207689C700A148C6 /* Assets.xcassets */,
				C25F4C46203DF06500F37A57 /* Products */,
				EAC2D8A7E7033FE12A5B7DCE /* Pods */,
				14DFAA353111A5B728652372 /* Frameworks */,
			);
			sourceTree = "<group>";
		};
		C25F4C46203DF06500F37A57 /* Products */ = {
			isa = PBXGroup;
			children = (
				C25F4C45203DF06500F37A57 /* Salud Integral.app */,
			);
			name = Products;
			sourceTree = "<group>";
		};
		C25F4C47203DF06500F37A57 /* Salud Integral */ = {
			isa = PBXGroup;
			children = (
				C23C2CDA205AEDA000E2EF27 /* Custom */,
				C25F4C48203DF06500F37A57 /* AppDelegate.swift */,
				C2DDF1962048921900DBF9E4 /* Controllers */,
				C2E88C2220890D2600B38379 /* Suggestions */,
				C23DBA0C2051A15A00FD46CF /* Data Model */,
				C2DDF1972048922000DBF9E4 /* Views */,
				C25F4C51203DF06500F37A57 /* LaunchScreen.storyboard */,
				C25F4C54203DF06500F37A57 /* Info.plist */,
			);
			path = "Salud Integral";
			sourceTree = "<group>";
		};
		C294927D2049E31700351F5E /* Custom Section */ = {
			isa = PBXGroup;
			children = (
				C29492802049E4B300351F5E /* CustomCollectionViewCell.swift */,
				C294927E2049E33900351F5E /* CustomSection.xib */,
			);
			path = "Custom Section";
			sourceTree = "<group>";
		};
		C2CAE5A2207EAB920084F2C0 /* Configuration */ = {
			isa = PBXGroup;
			children = (
				C2DC3661204CDC3D0018212C /* TableViewControllerConfiguration.swift */,
				C2CAE5A3207EABAD0084F2C0 /* SectionNamesViewController.swift */,
				C28254C1209679E700B46A41 /* CreditsViewController.swift */,
			);
			path = Configuration;
			sourceTree = "<group>";
		};
		C2CAE5A5207ED8BE0084F2C0 /* Contacts */ = {
			isa = PBXGroup;
			children = (
				C27E5C34204C7B5F00483DEA /* TableViewControllerContacts.swift */,
			);
			path = Contacts;
			sourceTree = "<group>";
		};
		C2DDF1962048921900DBF9E4 /* Controllers */ = {
			isa = PBXGroup;
			children = (
				C2DDF1942048920D00DBF9E4 /* CollectionViewController.swift */,
				C25EC0DC2069D6DF005729DE /* Checklist Controllers */,
				C25EC0DF2069D735005729DE /* History Controllers */,
				C2CAE5A5207ED8BE0084F2C0 /* Contacts */,
				C2CAE5A2207EAB920084F2C0 /* Configuration */,
			);
			path = Controllers;
			sourceTree = "<group>";
		};
		C2DDF1972048922000DBF9E4 /* Views */ = {
			isa = PBXGroup;
			children = (
				C25F4C4C203DF06500F37A57 /* Main.storyboard */,
			);
			path = Views;
			sourceTree = "<group>";
		};
		C2E88C2220890D2600B38379 /* Suggestions */ = {
			isa = PBXGroup;
			children = (
				C2E88C2020890D2000B38379 /* ViewControllerSuggestions.swift */,
			);
			path = Suggestions;
			sourceTree = "<group>";
		};
		EAC2D8A7E7033FE12A5B7DCE /* Pods */ = {
			isa = PBXGroup;
			children = (
				D6872AEB798CC143EF00ADB8 /* Pods-Salud Integral.debug.xcconfig */,
				A1E1AC97657D8F1465BA2E53 /* Pods-Salud Integral.release.xcconfig */,
			);
			name = Pods;
			sourceTree = "<group>";
		};
/* End PBXGroup section */

/* Begin PBXNativeTarget section */
		C25F4C44203DF06500F37A57 /* Salud Integral */ = {
			isa = PBXNativeTarget;
			buildConfigurationList = C25F4C57203DF06500F37A57 /* Build configuration list for PBXNativeTarget "Salud Integral" */;
			buildPhases = (
				0FA3FB120D4CAFA5B291D600 /* [CP] Check Pods Manifest.lock */,
				C25F4C41203DF06500F37A57 /* Sources */,
				C25F4C42203DF06500F37A57 /* Frameworks */,
				C25F4C43203DF06500F37A57 /* Resources */,
				AC7659862BA4E638293AEC00 /* [CP] Embed Pods Frameworks */,
			);
			buildRules = (
			);
			dependencies = (
			);
			name = "Salud Integral";
			productName = "Salud Integral";
			productReference = C25F4C45203DF06500F37A57 /* Salud Integral.app */;
			productType = "com.apple.product-type.application";
		};
/* End PBXNativeTarget section */

/* Begin PBXProject section */
		C25F4C3D203DF06500F37A57 /* Project object */ = {
			isa = PBXProject;
			attributes = {
				LastSwiftUpdateCheck = 0920;
				LastUpgradeCheck = 0930;
				ORGANIZATIONNAME = "Alex Elizondo ";
				TargetAttributes = {
					C25F4C44203DF06500F37A57 = {
						CreatedOnToolsVersion = 9.2;
						ProvisioningStyle = Automatic;
					};
				};
			};
			buildConfigurationList = C25F4C40203DF06500F37A57 /* Build configuration list for PBXProject "Salud Integral" */;
			compatibilityVersion = "Xcode 8.0";
			developmentRegion = en;
			hasScannedForEncodings = 0;
			knownRegions = (
				en,
				Base,
			);
			mainGroup = C25F4C3C203DF06500F37A57;
			productRefGroup = C25F4C46203DF06500F37A57 /* Products */;
			projectDirPath = "";
			projectRoot = "";
			targets = (
				C25F4C44203DF06500F37A57 /* Salud Integral */,
			);
		};
/* End PBXProject section */

/* Begin PBXResourcesBuildPhase section */
		C25F4C43203DF06500F37A57 /* Resources */ = {
			isa = PBXResourcesBuildPhase;
			buildActionMask = 2147483647;
			files = (
				C23C2CDE205AEDE100E2EF27 /* ContactTableViewCell.xib in Resources */,
				C25F4C53203DF06500F37A57 /* LaunchScreen.storyboard in Resources */,
				C294927F2049E33900351F5E /* CustomSection.xib in Resources */,
				C25F4C4E203DF06500F37A57 /* Main.storyboard in Resources */,
				C223ED55207689C700A148C6 /* Assets.xcassets in Resources */,
			);
			runOnlyForDeploymentPostprocessing = 0;
		};
/* End PBXResourcesBuildPhase section */

/* Begin PBXShellScriptBuildPhase section */
		0FA3FB120D4CAFA5B291D600 /* [CP] Check Pods Manifest.lock */ = {
			isa = PBXShellScriptBuildPhase;
			buildActionMask = 2147483647;
			files = (
			);
			inputPaths = (
				"${PODS_PODFILE_DIR_PATH}/Podfile.lock",
				"${PODS_ROOT}/Manifest.lock",
			);
			name = "[CP] Check Pods Manifest.lock";
			outputPaths = (
				"$(DERIVED_FILE_DIR)/Pods-Salud Integral-checkManifestLockResult.txt",
			);
			runOnlyForDeploymentPostprocessing = 0;
			shellPath = /bin/sh;
			shellScript = "diff \"${PODS_PODFILE_DIR_PATH}/Podfile.lock\" \"${PODS_ROOT}/Manifest.lock\" > /dev/null\nif [ $? != 0 ] ; then\n    # print error to STDERR\n    echo \"error: The sandbox is not in sync with the Podfile.lock. Run 'pod install' or update your CocoaPods installation.\" >&2\n    exit 1\nfi\n# This output is used by Xcode 'outputs' to avoid re-running this script phase.\necho \"SUCCESS\" > \"${SCRIPT_OUTPUT_FILE_0}\"\n";
			showEnvVarsInLog = 0;
		};
		AC7659862BA4E638293AEC00 /* [CP] Embed Pods Frameworks */ = {
			isa = PBXShellScriptBuildPhase;
			buildActionMask = 2147483647;
			files = (
			);
			inputPaths = (
				"${SRCROOT}/Pods/Target Support Files/Pods-Salud Integral/Pods-Salud Integral-frameworks.sh",
				"${BUILT_PRODUCTS_DIR}/ChameleonFramework/ChameleonFramework.framework",
				"${BUILT_PRODUCTS_DIR}/JBDatePicker/JBDatePicker.framework",
				"${BUILT_PRODUCTS_DIR}/Realm/Realm.framework",
				"${BUILT_PRODUCTS_DIR}/RealmSwift/RealmSwift.framework",
				"${BUILT_PRODUCTS_DIR}/SwipeCellKit/SwipeCellKit.framework",
			);
			name = "[CP] Embed Pods Frameworks";
			outputPaths = (
				"${TARGET_BUILD_DIR}/${FRAMEWORKS_FOLDER_PATH}/ChameleonFramework.framework",
				"${TARGET_BUILD_DIR}/${FRAMEWORKS_FOLDER_PATH}/JBDatePicker.framework",
				"${TARGET_BUILD_DIR}/${FRAMEWORKS_FOLDER_PATH}/Realm.framework",
				"${TARGET_BUILD_DIR}/${FRAMEWORKS_FOLDER_PATH}/RealmSwift.framework",
				"${TARGET_BUILD_DIR}/${FRAMEWORKS_FOLDER_PATH}/SwipeCellKit.framework",
			);
			runOnlyForDeploymentPostprocessing = 0;
			shellPath = /bin/sh;
			shellScript = "\"${SRCROOT}/Pods/Target Support Files/Pods-Salud Integral/Pods-Salud Integral-frameworks.sh\"\n";
			showEnvVarsInLog = 0;
		};
/* End PBXShellScriptBuildPhase section */

/* Begin PBXSourcesBuildPhase section */
		C25F4C41203DF06500F37A57 /* Sources */ = {
			isa = PBXSourcesBuildPhase;
			buildActionMask = 2147483647;
			files = (
				C23C2CD6205AECCE00E2EF27 /* Contact.swift in Sources */,
				C25EC0DE2069D72D005729DE /* HistoryDatesTableViewController.swift in Sources */,
				C209B6C3205755DA000BB742 /* CalendarViewController.swift in Sources */,
				C23DBA0E2051A40600FD46CF /* Section.swift in Sources */,
				C2DC3662204CDC3D0018212C /* TableViewControllerConfiguration.swift in Sources */,
				C23C2CDD205AEDE100E2EF27 /* ContactTableViewCell.swift in Sources */,
				C2CAE5A4207EABAD0084F2C0 /* SectionNamesViewController.swift in Sources */,
				C2DDF1952048920D00DBF9E4 /* CollectionViewController.swift in Sources */,
				C25F4C49203DF06500F37A57 /* AppDelegate.swift in Sources */,
				C23DBA102051A5B300FD46CF /* History.swift in Sources */,
				C29492812049E4B300351F5E /* CustomCollectionViewCell.swift in Sources */,
				C23DBA0B2051A15400FD46CF /* Item.swift in Sources */,
				C209B6C120574A35000BB742 /* NewItemViewController.swift in Sources */,
				C28254C2209679E700B46A41 /* CreditsViewController.swift in Sources */,
				C2E88C2120890D2000B38379 /* ViewControllerSuggestions.swift in Sources */,
				C25F4C5B203DF28300F37A57 /* ViewControllerCheckList.swift in Sources */,
				C27E5C35204C7B5F00483DEA /* TableViewControllerContacts.swift in Sources */,
				C230ADAA203E2E4A0027B1F8 /* ViewControllerHistory.swift in Sources */,
			);
			runOnlyForDeploymentPostprocessing = 0;
		};
/* End PBXSourcesBuildPhase section */

/* Begin PBXVariantGroup section */
		C25F4C4C203DF06500F37A57 /* Main.storyboard */ = {
			isa = PBXVariantGroup;
			children = (
				C25F4C4D203DF06500F37A57 /* Base */,
			);
			name = Main.storyboard;
			sourceTree = "<group>";
		};
		C25F4C51203DF06500F37A57 /* LaunchScreen.storyboard */ = {
			isa = PBXVariantGroup;
			children = (
				C25F4C52203DF06500F37A57 /* Base */,
			);
			name = LaunchScreen.storyboard;
			sourceTree = "<group>";
		};
/* End PBXVariantGroup section */

/* Begin XCBuildConfiguration section */
		C25F4C55203DF06500F37A57 /* Debug */ = {
			isa = XCBuildConfiguration;
			buildSettings = {
				ALWAYS_SEARCH_USER_PATHS = NO;
				CLANG_ANALYZER_NONNULL = YES;
				CLANG_ANALYZER_NUMBER_OBJECT_CONVERSION = YES_AGGRESSIVE;
				CLANG_CXX_LANGUAGE_STANDARD = "gnu++14";
				CLANG_CXX_LIBRARY = "libc++";
				CLANG_ENABLE_MODULES = YES;
				CLANG_ENABLE_OBJC_ARC = YES;
				CLANG_WARN_BLOCK_CAPTURE_AUTORELEASING = YES;
				CLANG_WARN_BOOL_CONVERSION = YES;
				CLANG_WARN_COMMA = YES;
				CLANG_WARN_CONSTANT_CONVERSION = YES;
				CLANG_WARN_DEPRECATED_OBJC_IMPLEMENTATIONS = YES;
				CLANG_WARN_DIRECT_OBJC_ISA_USAGE = YES_ERROR;
				CLANG_WARN_DOCUMENTATION_COMMENTS = YES;
				CLANG_WARN_EMPTY_BODY = YES;
				CLANG_WARN_ENUM_CONVERSION = YES;
				CLANG_WARN_INFINITE_RECURSION = YES;
				CLANG_WARN_INT_CONVERSION = YES;
				CLANG_WARN_NON_LITERAL_NULL_CONVERSION = YES;
				CLANG_WARN_OBJC_IMPLICIT_RETAIN_SELF = YES;
				CLANG_WARN_OBJC_LITERAL_CONVERSION = YES;
				CLANG_WARN_OBJC_ROOT_CLASS = YES_ERROR;
				CLANG_WARN_RANGE_LOOP_ANALYSIS = YES;
				CLANG_WARN_STRICT_PROTOTYPES = YES;
				CLANG_WARN_SUSPICIOUS_MOVE = YES;
				CLANG_WARN_UNGUARDED_AVAILABILITY = YES_AGGRESSIVE;
				CLANG_WARN_UNREACHABLE_CODE = YES;
				CLANG_WARN__DUPLICATE_METHOD_MATCH = YES;
				CODE_SIGN_IDENTITY = "iPhone Developer";
				COPY_PHASE_STRIP = NO;
				DEBUG_INFORMATION_FORMAT = dwarf;
				ENABLE_STRICT_OBJC_MSGSEND = YES;
				ENABLE_TESTABILITY = YES;
				GCC_C_LANGUAGE_STANDARD = gnu11;
				GCC_DYNAMIC_NO_PIC = NO;
				GCC_NO_COMMON_BLOCKS = YES;
				GCC_OPTIMIZATION_LEVEL = 0;
				GCC_PREPROCESSOR_DEFINITIONS = (
					"DEBUG=1",
					"$(inherited)",
				);
				GCC_WARN_64_TO_32_BIT_CONVERSION = YES;
				GCC_WARN_ABOUT_RETURN_TYPE = YES_ERROR;
				GCC_WARN_UNDECLARED_SELECTOR = YES;
				GCC_WARN_UNINITIALIZED_AUTOS = YES_AGGRESSIVE;
				GCC_WARN_UNUSED_FUNCTION = YES;
				GCC_WARN_UNUSED_VARIABLE = YES;
				IPHONEOS_DEPLOYMENT_TARGET = 11.2;
				MTL_ENABLE_DEBUG_INFO = YES;
				ONLY_ACTIVE_ARCH = YES;
				SDKROOT = iphoneos;
				SWIFT_ACTIVE_COMPILATION_CONDITIONS = DEBUG;
				SWIFT_OPTIMIZATION_LEVEL = "-Onone";
			};
			name = Debug;
		};
		C25F4C56203DF06500F37A57 /* Release */ = {
			isa = XCBuildConfiguration;
			buildSettings = {
				ALWAYS_SEARCH_USER_PATHS = NO;
				CLANG_ANALYZER_NONNULL = YES;
				CLANG_ANALYZER_NUMBER_OBJECT_CONVERSION = YES_AGGRESSIVE;
				CLANG_CXX_LANGUAGE_STANDARD = "gnu++14";
				CLANG_CXX_LIBRARY = "libc++";
				CLANG_ENABLE_MODULES = YES;
				CLANG_ENABLE_OBJC_ARC = YES;
				CLANG_WARN_BLOCK_CAPTURE_AUTORELEASING = YES;
				CLANG_WARN_BOOL_CONVERSION = YES;
				CLANG_WARN_COMMA = YES;
				CLANG_WARN_CONSTANT_CONVERSION = YES;
				CLANG_WARN_DEPRECATED_OBJC_IMPLEMENTATIONS = YES;
				CLANG_WARN_DIRECT_OBJC_ISA_USAGE = YES_ERROR;
				CLANG_WARN_DOCUMENTATION_COMMENTS = YES;
				CLANG_WARN_EMPTY_BODY = YES;
				CLANG_WARN_ENUM_CONVERSION = YES;
				CLANG_WARN_INFINITE_RECURSION = YES;
				CLANG_WARN_INT_CONVERSION = YES;
				CLANG_WARN_NON_LITERAL_NULL_CONVERSION = YES;
				CLANG_WARN_OBJC_IMPLICIT_RETAIN_SELF = YES;
				CLANG_WARN_OBJC_LITERAL_CONVERSION = YES;
				CLANG_WARN_OBJC_ROOT_CLASS = YES_ERROR;
				CLANG_WARN_RANGE_LOOP_ANALYSIS = YES;
				CLANG_WARN_STRICT_PROTOTYPES = YES;
				CLANG_WARN_SUSPICIOUS_MOVE = YES;
				CLANG_WARN_UNGUARDED_AVAILABILITY = YES_AGGRESSIVE;
				CLANG_WARN_UNREACHABLE_CODE = YES;
				CLANG_WARN__DUPLICATE_METHOD_MATCH = YES;
				CODE_SIGN_IDENTITY = "iPhone Developer";
				COPY_PHASE_STRIP = NO;
				DEBUG_INFORMATION_FORMAT = "dwarf-with-dsym";
				ENABLE_NS_ASSERTIONS = NO;
				ENABLE_STRICT_OBJC_MSGSEND = YES;
				GCC_C_LANGUAGE_STANDARD = gnu11;
				GCC_NO_COMMON_BLOCKS = YES;
				GCC_WARN_64_TO_32_BIT_CONVERSION = YES;
				GCC_WARN_ABOUT_RETURN_TYPE = YES_ERROR;
				GCC_WARN_UNDECLARED_SELECTOR = YES;
				GCC_WARN_UNINITIALIZED_AUTOS = YES_AGGRESSIVE;
				GCC_WARN_UNUSED_FUNCTION = YES;
				GCC_WARN_UNUSED_VARIABLE = YES;
				IPHONEOS_DEPLOYMENT_TARGET = 11.2;
				MTL_ENABLE_DEBUG_INFO = NO;
				SDKROOT = iphoneos;
				SWIFT_OPTIMIZATION_LEVEL = "-Owholemodule";
				VALIDATE_PRODUCT = YES;
			};
			name = Release;
		};
		C25F4C58203DF06500F37A57 /* Debug */ = {
			isa = XCBuildConfiguration;
			baseConfigurationReference = D6872AEB798CC143EF00ADB8 /* Pods-Salud Integral.debug.xcconfig */;
			buildSettings = {
				ASSETCATALOG_COMPILER_APPICON_NAME = AppIcon;
				CODE_SIGN_STYLE = Automatic;
				DEVELOPMENT_TEAM = 5M2254BM37;
				INFOPLIST_FILE = "Salud Integral/Info.plist";
				IPHONEOS_DEPLOYMENT_TARGET = 11.0;
				LD_RUNPATH_SEARCH_PATHS = "$(inherited) @executable_path/Frameworks";
				PRODUCT_BUNDLE_IDENTIFIER = "edu.itesmalumnos.Salud-Integral";
				PRODUCT_NAME = "$(TARGET_NAME)";
				SWIFT_VERSION = 4.0;
				TARGETED_DEVICE_FAMILY = "1,2";
			};
			name = Debug;
		};
		C25F4C59203DF06500F37A57 /* Release */ = {
			isa = XCBuildConfiguration;
			baseConfigurationReference = A1E1AC97657D8F1465BA2E53 /* Pods-Salud Integral.release.xcconfig */;
			buildSettings = {
				ASSETCATALOG_COMPILER_APPICON_NAME = AppIcon;
				CODE_SIGN_STYLE = Automatic;
				DEVELOPMENT_TEAM = 5M2254BM37;
				INFOPLIST_FILE = "Salud Integral/Info.plist";
				IPHONEOS_DEPLOYMENT_TARGET = 11.0;
				LD_RUNPATH_SEARCH_PATHS = "$(inherited) @executable_path/Frameworks";
				PRODUCT_BUNDLE_IDENTIFIER = "edu.itesmalumnos.Salud-Integral";
				PRODUCT_NAME = "$(TARGET_NAME)";
				SWIFT_VERSION = 4.0;
				TARGETED_DEVICE_FAMILY = "1,2";
			};
			name = Release;
		};
/* End XCBuildConfiguration section */

/* Begin XCConfigurationList section */
		C25F4C40203DF06500F37A57 /* Build configuration list for PBXProject "Salud Integral" */ = {
			isa = XCConfigurationList;
			buildConfigurations = (
				C25F4C55203DF06500F37A57 /* Debug */,
				C25F4C56203DF06500F37A57 /* Release */,
			);
			defaultConfigurationIsVisible = 0;
			defaultConfigurationName = Release;
		};
		C25F4C57203DF06500F37A57 /* Build configuration list for PBXNativeTarget "Salud Integral" */ = {
			isa = XCConfigurationList;
			buildConfigurations = (
				C25F4C58203DF06500F37A57 /* Debug */,
				C25F4C59203DF06500F37A57 /* Release */,
			);
			defaultConfigurationIsVisible = 0;
			defaultConfigurationName = Release;
		};
/* End XCConfigurationList section */
	};
	rootObject = C25F4C3D203DF06500F37A57 /* Project object */;
}
